
Microsoft Visual Studio Solution File, Format Version 12.00
# Visual Studio Version 16
VisualStudioVersion = 16.0.31702.278
MinimumVisualStudioVersion = 10.0.40219.1
Project("{888888A0-9F3D-457C-B088-3A5042F75D52}") = "Visilica", "Visilica\Visilica.pyproj", "{B3ADC938-D5DF-4D56-A502-AB6C00C65CCF}"
EndProject
Global
	GlobalSection(SolutionConfigurationPlatforms) = preSolution
		Debug|Any CPU = Debug|Any CPU
		Release|Any CPU = Release|Any CPU
	EndGlobalSection
	GlobalSection(ProjectConfigurationPlatforms) = postSolution
		{B3ADC938-D5DF-4D56-A502-AB6C00C65CCF}.Debug|Any CPU.ActiveCfg = Debug|Any CPU
		{B3ADC938-D5DF-4D56-A502-AB6C00C65CCF}.Release|Any CPU.ActiveCfg = Release|Any CPU
	EndGlobalSection
	GlobalSection(SolutionProperties) = preSolution
		HideSolutionNode = FALSE
	EndGlobalSection
	GlobalSection(ExtensibilityGlobals) = postSolution
		SolutionGuid = {74D29E04-0D79-4AA3-B839-50A9C7A65AA5}
	EndGlobalSection
EndGlobal
